// !$*UTF8*$!
{
	archiveVersion = 1;
	classes = {
	};
	objectVersion = 50;
	objects = {

/* Begin PBXBuildFile section */
		B55A93B123C544D600D66F77 /* AppDelegate.swift in Sources */ = {isa = PBXBuildFile; fileRef = B55A93B023C544D600D66F77 /* AppDelegate.swift */; };
		B55A93B323C544D600D66F77 /* SceneDelegate.swift in Sources */ = {isa = PBXBuildFile; fileRef = B55A93B223C544D600D66F77 /* SceneDelegate.swift */; };
		B55A93B623C544D600D66F77 /* Locations.xcdatamodeld in Sources */ = {isa = PBXBuildFile; fileRef = B55A93B423C544D600D66F77 /* Locations.xcdatamodeld */; };
		B55A93B823C544D600D66F77 /* Location.swift in Sources */ = {isa = PBXBuildFile; fileRef = B55A93B723C544D600D66F77 /* Location.swift */; };
		B55A93BA23C544D800D66F77 /* Assets.xcassets in Resources */ = {isa = PBXBuildFile; fileRef = B55A93B923C544D800D66F77 /* Assets.xcassets */; };
		B55A93BD23C544D800D66F77 /* Preview Assets.xcassets in Resources */ = {isa = PBXBuildFile; fileRef = B55A93BC23C544D800D66F77 /* Preview Assets.xcassets */; };
		B55A93C023C544D800D66F77 /* LaunchScreen.storyboard in Resources */ = {isa = PBXBuildFile; fileRef = B55A93BE23C544D800D66F77 /* LaunchScreen.storyboard */; };
		B55A93C823C5458C00D66F77 /* LocationRow.swift in Sources */ = {isa = PBXBuildFile; fileRef = B55A93C723C5458C00D66F77 /* LocationRow.swift */; };
		B55A93CA23C5463300D66F77 /* LocationDetail.swift in Sources */ = {isa = PBXBuildFile; fileRef = B55A93C923C5463300D66F77 /* LocationDetail.swift */; };
		B55A93CC23C5470A00D66F77 /* LocationList.swift in Sources */ = {isa = PBXBuildFile; fileRef = B55A93CB23C5470A00D66F77 /* LocationList.swift */; };
		B55A93DD23C5475B00D66F77 /* charleyrivers.jpg in Resources */ = {isa = PBXBuildFile; fileRef = B55A93CE23C5475B00D66F77 /* charleyrivers.jpg */; };
		B55A93DE23C5475B00D66F77 /* turtlerock.jpg in Resources */ = {isa = PBXBuildFile; fileRef = B55A93CF23C5475B00D66F77 /* turtlerock.jpg */; };
		B55A93DF23C5475B00D66F77 /* silversalmoncreek.jpg in Resources */ = {isa = PBXBuildFile; fileRef = B55A93D023C5475B00D66F77 /* silversalmoncreek.jpg */; };
		B55A93E023C5475B00D66F77 /* indus2.jpg in Resources */ = {isa = PBXBuildFile; fileRef = B55A93D123C5475B00D66F77 /* indus2.jpg */; };
		B55A93E123C5475B00D66F77 /* LocationData.json in Resources */ = {isa = PBXBuildFile; fileRef = B55A93D223C5475B00D66F77 /* LocationData.json */; };
		B55A93E223C5475B00D66F77 /* icybay.jpg in Resources */ = {isa = PBXBuildFile; fileRef = B55A93D323C5475B00D66F77 /* icybay.jpg */; };
		B55A93E323C5475B00D66F77 /* lakemcdonald.jpg in Resources */ = {isa = PBXBuildFile; fileRef = B55A93D423C5475B00D66F77 /* lakemcdonald.jpg */; };
		B55A93E423C5475B00D66F77 /* hiddenlake.jpg in Resources */ = {isa = PBXBuildFile; fileRef = B55A93D523C5475B00D66F77 /* hiddenlake.jpg */; };
		B55A93E523C5475B00D66F77 /* twinlake.jpg in Resources */ = {isa = PBXBuildFile; fileRef = B55A93D623C5475B00D66F77 /* twinlake.jpg */; };
		B55A93E623C5475B00D66F77 /* umbagog.jpg in Resources */ = {isa = PBXBuildFile; fileRef = B55A93D723C5475B00D66F77 /* umbagog.jpg */; };
		B55A93E723C5475B00D66F77 /* chincoteague.jpg in Resources */ = {isa = PBXBuildFile; fileRef = B55A93D823C5475B00D66F77 /* chincoteague.jpg */; };
		B55A93E823C5475B00D66F77 /* yukon_charleyrivers.jpg in Resources */ = {isa = PBXBuildFile; fileRef = B55A93D923C5475B00D66F77 /* yukon_charleyrivers.jpg */; };
		B55A93E923C5475B00D66F77 /* stmarylake.jpg in Resources */ = {isa = PBXBuildFile; fileRef = B55A93DA23C5475B00D66F77 /* stmarylake.jpg */; };
		B55A93EA23C5475B00D66F77 /* chilkoottrail.jpg in Resources */ = {isa = PBXBuildFile; fileRef = B55A93DB23C5475B00D66F77 /* chilkoottrail.jpg */; };
		B55A93EB23C5475B00D66F77 /* rainbowlake.jpg in Resources */ = {isa = PBXBuildFile; fileRef = B55A93DC23C5475B00D66F77 /* rainbowlake.jpg */; };
		B55A93ED23C5478800D66F77 /* CircleView.swift in Sources */ = {isa = PBXBuildFile; fileRef = B55A93EC23C5478800D66F77 /* CircleView.swift */; };
		B55A93EF23C547A300D66F77 /* Data.swift in Sources */ = {isa = PBXBuildFile; fileRef = B55A93EE23C547A300D66F77 /* Data.swift */; };
		B55A93F123C5484400D66F77 /* MapView.swift in Sources */ = {isa = PBXBuildFile; fileRef = B55A93F023C5484400D66F77 /* MapView.swift */; };
		B55A93F323C5486500D66F77 /* UserData.swift in Sources */ = {isa = PBXBuildFile; fileRef = B55A93F223C5486500D66F77 /* UserData.swift */; };
/* End PBXBuildFile section */

/* Begin PBXFileReference section */
		B55A93AD23C544D600D66F77 /* Locations.app */ = {isa = PBXFileReference; explicitFileType = wrapper.application; includeInIndex = 0; path = Locations.app; sourceTree = BUILT_PRODUCTS_DIR; };
		B55A93B023C544D600D66F77 /* AppDelegate.swift */ = {isa = PBXFileReference; lastKnownFileType = sourcecode.swift; path = AppDelegate.swift; sourceTree = "<group>"; };
		B55A93B223C544D600D66F77 /* SceneDelegate.swift */ = {isa = PBXFileReference; lastKnownFileType = sourcecode.swift; path = SceneDelegate.swift; sourceTree = "<group>"; };
		B55A93B523C544D600D66F77 /* Locations.xcdatamodel */ = {isa = PBXFileReference; lastKnownFileType = wrapper.xcdatamodel; path = Locations.xcdatamodel; sourceTree = "<group>"; };
		B55A93B723C544D600D66F77 /* Location.swift */ = {isa = PBXFileReference; lastKnownFileType = sourcecode.swift; path = Location.swift; sourceTree = "<group>"; };
		B55A93B923C544D800D66F77 /* Assets.xcassets */ = {isa = PBXFileReference; lastKnownFileType = folder.assetcatalog; path = Assets.xcassets; sourceTree = "<group>"; };
		B55A93BC23C544D800D66F77 /* Preview Assets.xcassets */ = {isa = PBXFileReference; lastKnownFileType = folder.assetcatalog; path = "Preview Assets.xcassets"; sourceTree = "<group>"; };
		B55A93BF23C544D800D66F77 /* Base */ = {isa = PBXFileReference; lastKnownFileType = file.storyboard; name = Base; path = Base.lproj/LaunchScreen.storyboard; sourceTree = "<group>"; };
		B55A93C123C544D800D66F77 /* Info.plist */ = {isa = PBXFileReference; lastKnownFileType = text.plist.xml; path = Info.plist; sourceTree = "<group>"; };
		B55A93C723C5458C00D66F77 /* LocationRow.swift */ = {isa = PBXFileReference; lastKnownFileType = sourcecode.swift; path = LocationRow.swift; sourceTree = "<group>"; };
		B55A93C923C5463300D66F77 /* LocationDetail.swift */ = {isa = PBXFileReference; lastKnownFileType = sourcecode.swift; path = LocationDetail.swift; sourceTree = "<group>"; };
		B55A93CB23C5470A00D66F77 /* LocationList.swift */ = {isa = PBXFileReference; lastKnownFileType = sourcecode.swift; path = LocationList.swift; sourceTree = "<group>"; };
		B55A93CE23C5475B00D66F77 /* charleyrivers.jpg */ = {isa = PBXFileReference; lastKnownFileType = image.jpeg; path = charleyrivers.jpg; sourceTree = "<group>"; };
		B55A93CF23C5475B00D66F77 /* turtlerock.jpg */ = {isa = PBXFileReference; lastKnownFileType = image.jpeg; path = turtlerock.jpg; sourceTree = "<group>"; };
		B55A93D023C5475B00D66F77 /* silversalmoncreek.jpg */ = {isa = PBXFileReference; lastKnownFileType = image.jpeg; path = silversalmoncreek.jpg; sourceTree = "<group>"; };
		B55A93D123C5475B00D66F77 /* indus2.jpg */ = {isa = PBXFileReference; lastKnownFileType = image.jpeg; path = indus2.jpg; sourceTree = "<group>"; };
		B55A93D223C5475B00D66F77 /* LocationData.json */ = {isa = PBXFileReference; fileEncoding = 4; lastKnownFileType = text.json; path = LocationData.json; sourceTree = "<group>"; };
		B55A93D323C5475B00D66F77 /* icybay.jpg */ = {isa = PBXFileReference; lastKnownFileType = image.jpeg; path = icybay.jpg; sourceTree = "<group>"; };
		B55A93D423C5475B00D66F77 /* lakemcdonald.jpg */ = {isa = PBXFileReference; lastKnownFileType = image.jpeg; path = lakemcdonald.jpg; sourceTree = "<group>"; };
		B55A93D523C5475B00D66F77 /* hiddenlake.jpg */ = {isa = PBXFileReference; lastKnownFileType = image.jpeg; path = hiddenlake.jpg; sourceTree = "<group>"; };
		B55A93D623C5475B00D66F77 /* twinlake.jpg */ = {isa = PBXFileReference; lastKnownFileType = image.jpeg; path = twinlake.jpg; sourceTree = "<group>"; };
		B55A93D723C5475B00D66F77 /* umbagog.jpg */ = {isa = PBXFileReference; lastKnownFileType = image.jpeg; path = umbagog.jpg; sourceTree = "<group>"; };
		B55A93D823C5475B00D66F77 /* chincoteague.jpg */ = {isa = PBXFileReference; lastKnownFileType = image.jpeg; path = chincoteague.jpg; sourceTree = "<group>"; };
		B55A93D923C5475B00D66F77 /* yukon_charleyrivers.jpg */ = {isa = PBXFileReference; lastKnownFileType = image.jpeg; path = yukon_charleyrivers.jpg; sourceTree = "<group>"; };
		B55A93DA23C5475B00D66F77 /* stmarylake.jpg */ = {isa = PBXFileReference; lastKnownFileType = image.jpeg; path = stmarylake.jpg; sourceTree = "<group>"; };
		B55A93DB23C5475B00D66F77 /* chilkoottrail.jpg */ = {isa = PBXFileReference; lastKnownFileType = image.jpeg; path = chilkoottrail.jpg; sourceTree = "<group>"; };
		B55A93DC23C5475B00D66F77 /* rainbowlake.jpg */ = {isa = PBXFileReference; lastKnownFileType = image.jpeg; path = rainbowlake.jpg; sourceTree = "<group>"; };
		B55A93EC23C5478800D66F77 /* CircleView.swift */ = {isa = PBXFileReference; lastKnownFileType = sourcecode.swift; path = CircleView.swift; sourceTree = "<group>"; };
		B55A93EE23C547A300D66F77 /* Data.swift */ = {isa = PBXFileReference; lastKnownFileType = sourcecode.swift; path = Data.swift; sourceTree = "<group>"; };
		B55A93F023C5484400D66F77 /* MapView.swift */ = {isa = PBXFileReference; lastKnownFileType = sourcecode.swift; path = MapView.swift; sourceTree = "<group>"; };
		B55A93F223C5486500D66F77 /* UserData.swift */ = {isa = PBXFileReference; lastKnownFileType = sourcecode.swift; path = UserData.swift; sourceTree = "<group>"; };
/* End PBXFileReference section */

/* Begin PBXFrameworksBuildPhase section */
		B55A93AA23C544D600D66F77 /* Frameworks */ = {
			isa = PBXFrameworksBuildPhase;
			buildActionMask = 2147483647;
			files = (
			);
			runOnlyForDeploymentPostprocessing = 0;
		};
/* End PBXFrameworksBuildPhase section */

/* Begin PBXGroup section */
		B55A93A423C544D600D66F77 = {
			isa = PBXGroup;
			children = (
				B55A93AF23C544D600D66F77 /* Locations */,
				B55A93AE23C544D600D66F77 /* Products */,
			);
			sourceTree = "<group>";
		};
		B55A93AE23C544D600D66F77 /* Products */ = {
			isa = PBXGroup;
			children = (
				B55A93AD23C544D600D66F77 /* Locations.app */,
			);
			name = Products;
			sourceTree = "<group>";
		};
		B55A93AF23C544D600D66F77 /* Locations */ = {
			isa = PBXGroup;
			children = (
				B55A93B023C544D600D66F77 /* AppDelegate.swift */,
				B55A93C923C5463300D66F77 /* LocationDetail.swift */,
				B55A93CB23C5470A00D66F77 /* LocationList.swift */,
				B55A93EC23C5478800D66F77 /* CircleView.swift */,
				B55A93EE23C547A300D66F77 /* Data.swift */,
				B55A93C723C5458C00D66F77 /* LocationRow.swift */,
				B55A93B223C544D600D66F77 /* SceneDelegate.swift */,
				B55A93F023C5484400D66F77 /* MapView.swift */,
				B55A93F223C5486500D66F77 /* UserData.swift */,
				B55A93B723C544D600D66F77 /* Location.swift */,
				B55A93CD23C5475B00D66F77 /* Resources */,
				B55A93B923C544D800D66F77 /* Assets.xcassets */,
				B55A93BE23C544D800D66F77 /* LaunchScreen.storyboard */,
				B55A93C123C544D800D66F77 /* Info.plist */,
				B55A93B423C544D600D66F77 /* Locations.xcdatamodeld */,
				B55A93BB23C544D800D66F77 /* Preview Content */,
			);
			path = Locations;
			sourceTree = "<group>";
		};
		B55A93BB23C544D800D66F77 /* Preview Content */ = {
			isa = PBXGroup;
			children = (
				B55A93BC23C544D800D66F77 /* Preview Assets.xcassets */,
			);
			path = "Preview Content";
			sourceTree = "<group>";
		};
		B55A93CD23C5475B00D66F77 /* Resources */ = {
			isa = PBXGroup;
			children = (
				B55A93CE23C5475B00D66F77 /* charleyrivers.jpg */,
				B55A93CF23C5475B00D66F77 /* turtlerock.jpg */,
				B55A93D023C5475B00D66F77 /* silversalmoncreek.jpg */,
				B55A93D123C5475B00D66F77 /* indus2.jpg */,
				B55A93D223C5475B00D66F77 /* LocationData.json */,
				B55A93D323C5475B00D66F77 /* icybay.jpg */,
				B55A93D423C5475B00D66F77 /* lakemcdonald.jpg */,
				B55A93D523C5475B00D66F77 /* hiddenlake.jpg */,
				B55A93D623C5475B00D66F77 /* twinlake.jpg */,
				B55A93D723C5475B00D66F77 /* umbagog.jpg */,
				B55A93D823C5475B00D66F77 /* chincoteague.jpg */,
				B55A93D923C5475B00D66F77 /* yukon_charleyrivers.jpg */,
				B55A93DA23C5475B00D66F77 /* stmarylake.jpg */,
				B55A93DB23C5475B00D66F77 /* chilkoottrail.jpg */,
				B55A93DC23C5475B00D66F77 /* rainbowlake.jpg */,
			);
			path = Resources;
			sourceTree = "<group>";
		};
/* End PBXGroup section */

/* Begin PBXNativeTarget section */
		B55A93AC23C544D600D66F77 /* Locations */ = {
			isa = PBXNativeTarget;
			buildConfigurationList = B55A93C423C544D800D66F77 /* Build configuration list for PBXNativeTarget "Locations" */;
			buildPhases = (
				B55A93A923C544D600D66F77 /* Sources */,
				B55A93AA23C544D600D66F77 /* Frameworks */,
				B55A93AB23C544D600D66F77 /* Resources */,
			);
			buildRules = (
			);
			dependencies = (
			);
			name = Locations;
			productName = Locations;
			productReference = B55A93AD23C544D600D66F77 /* Locations.app */;
			productType = "com.apple.product-type.application";
		};
/* End PBXNativeTarget section */

/* Begin PBXProject section */
		B55A93A523C544D600D66F77 /* Project object */ = {
			isa = PBXProject;
			attributes = {
				LastSwiftUpdateCheck = 1130;
				LastUpgradeCheck = 1130;
				ORGANIZATIONNAME = "Harshit Ruwali";
				TargetAttributes = {
					B55A93AC23C544D600D66F77 = {
						CreatedOnToolsVersion = 11.3;
					};
				};
			};
			buildConfigurationList = B55A93A823C544D600D66F77 /* Build configuration list for PBXProject "Locations" */;
			compatibilityVersion = "Xcode 9.3";
			developmentRegion = en;
			hasScannedForEncodings = 0;
			knownRegions = (
				en,
				Base,
			);
			mainGroup = B55A93A423C544D600D66F77;
			productRefGroup = B55A93AE23C544D600D66F77 /* Products */;
			projectDirPath = "";
			projectRoot = "";
			targets = (
				B55A93AC23C544D600D66F77 /* Locations */,
			);
		};
/* End PBXProject section */

/* Begin PBXResourcesBuildPhase section */
		B55A93AB23C544D600D66F77 /* Resources */ = {
			isa = PBXResourcesBuildPhase;
			buildActionMask = 2147483647;
			files = (
				B55A93C023C544D800D66F77 /* LaunchScreen.storyboard in Resources */,
				B55A93E023C5475B00D66F77 /* indus2.jpg in Resources */,
				B55A93E623C5475B00D66F77 /* umbagog.jpg in Resources */,
				B55A93BD23C544D800D66F77 /* Preview Assets.xcassets in Resources */,
				B55A93E823C5475B00D66F77 /* yukon_charleyrivers.jpg in Resources */,
				B55A93BA23C544D800D66F77 /* Assets.xcassets in Resources */,
				B55A93E123C5475B00D66F77 /* LocationData.json in Resources */,
				B55A93EB23C5475B00D66F77 /* rainbowlake.jpg in Resources */,
				B55A93E423C5475B00D66F77 /* hiddenlake.jpg in Resources */,
				B55A93E523C5475B00D66F77 /* twinlake.jpg in Resources */,
				B55A93DF23C5475B00D66F77 /* silversalmoncreek.jpg in Resources */,
				B55A93E923C5475B00D66F77 /* stmarylake.jpg in Resources */,
				B55A93EA23C5475B00D66F77 /* chilkoottrail.jpg in Resources */,
				B55A93E323C5475B00D66F77 /* lakemcdonald.jpg in Resources */,
				B55A93E723C5475B00D66F77 /* chincoteague.jpg in Resources */,
				B55A93DD23C5475B00D66F77 /* charleyrivers.jpg in Resources */,
				B55A93E223C5475B00D66F77 /* icybay.jpg in Resources */,
				B55A93DE23C5475B00D66F77 /* turtlerock.jpg in Resources */,
			);
			runOnlyForDeploymentPostprocessing = 0;
		};
/* End PBXResourcesBuildPhase section */

/* Begin PBXSourcesBuildPhase section */
		B55A93A923C544D600D66F77 /* Sources */ = {
			isa = PBXSourcesBuildPhase;
			buildActionMask = 2147483647;
			files = (
				B55A93ED23C5478800D66F77 /* CircleView.swift in Sources */,
				B55A93B123C544D600D66F77 /* AppDelegate.swift in Sources */,
				B55A93B623C544D600D66F77 /* Locations.xcdatamodeld in Sources */,
				B55A93CC23C5470A00D66F77 /* LocationList.swift in Sources */,
				B55A93C823C5458C00D66F77 /* LocationRow.swift in Sources */,
				B55A93F323C5486500D66F77 /* UserData.swift in Sources */,
				B55A93CA23C5463300D66F77 /* LocationDetail.swift in Sources */,
				B55A93B823C544D600D66F77 /* Location.swift in Sources */,
				B55A93F123C5484400D66F77 /* MapView.swift in Sources */,
				B55A93EF23C547A300D66F77 /* Data.swift in Sources */,
				B55A93B323C544D600D66F77 /* SceneDelegate.swift in Sources */,
			);
			runOnlyForDeploymentPostprocessing = 0;
		};
/* End PBXSourcesBuildPhase section */

/* Begin PBXVariantGroup section */
		B55A93BE23C544D800D66F77 /* LaunchScreen.storyboard */ = {
			isa = PBXVariantGroup;
			children = (
				B55A93BF23C544D800D66F77 /* Base */,
			);
			name = LaunchScreen.storyboard;
			sourceTree = "<group>";
		};
/* End PBXVariantGroup section */

/* Begin XCBuildConfiguration section */
		B55A93C223C544D800D66F77 /* Debug */ = {
			isa = XCBuildConfiguration;
			buildSettings = {
				ALWAYS_SEARCH_USER_PATHS = NO;
				CLANG_ANALYZER_NONNULL = YES;
				CLANG_ANALYZER_NUMBER_OBJECT_CONVERSION = YES_AGGRESSIVE;
				CLANG_CXX_LANGUAGE_STANDARD = "gnu++14";
				CLANG_CXX_LIBRARY = "libc++";
				CLANG_ENABLE_MODULES = YES;
				CLANG_ENABLE_OBJC_ARC = YES;
				CLANG_ENABLE_OBJC_WEAK = YES;
				CLANG_WARN_BLOCK_CAPTURE_AUTORELEASING = YES;
				CLANG_WARN_BOOL_CONVERSION = YES;
				CLANG_WARN_COMMA = YES;
				CLANG_WARN_CONSTANT_CONVERSION = YES;
				CLANG_WARN_DEPRECATED_OBJC_IMPLEMENTATIONS = YES;
				CLANG_WARN_DIRECT_OBJC_ISA_USAGE = YES_ERROR;
				CLANG_WARN_DOCUMENTATION_COMMENTS = YES;
				CLANG_WARN_EMPTY_BODY = YES;
				CLANG_WARN_ENUM_CONVERSION = YES;
				CLANG_WARN_INFINITE_RECURSION = YES;
				CLANG_WARN_INT_CONVERSION = YES;
				CLANG_WARN_NON_LITERAL_NULL_CONVERSION = YES;
				CLANG_WARN_OBJC_IMPLICIT_RETAIN_SELF = YES;
				CLANG_WARN_OBJC_LITERAL_CONVERSION = YES;
				CLANG_WARN_OBJC_ROOT_CLASS = YES_ERROR;
				CLANG_WARN_RANGE_LOOP_ANALYSIS = YES;
				CLANG_WARN_STRICT_PROTOTYPES = YES;
				CLANG_WARN_SUSPICIOUS_MOVE = YES;
				CLANG_WARN_UNGUARDED_AVAILABILITY = YES_AGGRESSIVE;
				CLANG_WARN_UNREACHABLE_CODE = YES;
				CLANG_WARN__DUPLICATE_METHOD_MATCH = YES;
				COPY_PHASE_STRIP = NO;
				DEBUG_INFORMATION_FORMAT = dwarf;
				ENABLE_STRICT_OBJC_MSGSEND = YES;
				ENABLE_TESTABILITY = YES;
				GCC_C_LANGUAGE_STANDARD = gnu11;
				GCC_DYNAMIC_NO_PIC = NO;
				GCC_NO_COMMON_BLOCKS = YES;
				GCC_OPTIMIZATION_LEVEL = 0;
				GCC_PREPROCESSOR_DEFINITIONS = (
					"DEBUG=1",
					"$(inherited)",
				);
				GCC_WARN_64_TO_32_BIT_CONVERSION = YES;
				GCC_WARN_ABOUT_RETURN_TYPE = YES_ERROR;
				GCC_WARN_UNDECLARED_SELECTOR = YES;
				GCC_WARN_UNINITIALIZED_AUTOS = YES_AGGRESSIVE;
				GCC_WARN_UNUSED_FUNCTION = YES;
				GCC_WARN_UNUSED_VARIABLE = YES;
				IPHONEOS_DEPLOYMENT_TARGET = 13.2;
				MTL_ENABLE_DEBUG_INFO = INCLUDE_SOURCE;
				MTL_FAST_MATH = YES;
				ONLY_ACTIVE_ARCH = YES;
				SDKROOT = iphoneos;
				SWIFT_ACTIVE_COMPILATION_CONDITIONS = DEBUG;
				SWIFT_OPTIMIZATION_LEVEL = "-Onone";
			};
			name = Debug;
		};
		B55A93C323C544D800D66F77 /* Release */ = {
			isa = XCBuildConfiguration;
			buildSettings = {
				ALWAYS_SEARCH_USER_PATHS = NO;
				CLANG_ANALYZER_NONNULL = YES;
				CLANG_ANALYZER_NUMBER_OBJECT_CONVERSION = YES_AGGRESSIVE;
				CLANG_CXX_LANGUAGE_STANDARD = "gnu++14";
				CLANG_CXX_LIBRARY = "libc++";
				CLANG_ENABLE_MODULES = YES;
				CLANG_ENABLE_OBJC_ARC = YES;
				CLANG_ENABLE_OBJC_WEAK = YES;
				CLANG_WARN_BLOCK_CAPTURE_AUTORELEASING = YES;
				CLANG_WARN_BOOL_CONVERSION = YES;
				CLANG_WARN_COMMA = YES;
				CLANG_WARN_CONSTANT_CONVERSION = YES;
				CLANG_WARN_DEPRECATED_OBJC_IMPLEMENTATIONS = YES;
				CLANG_WARN_DIRECT_OBJC_ISA_USAGE = YES_ERROR;
				CLANG_WARN_DOCUMENTATION_COMMENTS = YES;
				CLANG_WARN_EMPTY_BODY = YES;
				CLANG_WARN_ENUM_CONVERSION = YES;
				CLANG_WARN_INFINITE_RECURSION = YES;
				CLANG_WARN_INT_CONVERSION = YES;
				CLANG_WARN_NON_LITERAL_NULL_CONVERSION = YES;
				CLANG_WARN_OBJC_IMPLICIT_RETAIN_SELF = YES;
				CLANG_WARN_OBJC_LITERAL_CONVERSION = YES;
				CLANG_WARN_OBJC_ROOT_CLASS = YES_ERROR;
				CLANG_WARN_RANGE_LOOP_ANALYSIS = YES;
				CLANG_WARN_STRICT_PROTOTYPES = YES;
				CLANG_WARN_SUSPICIOUS_MOVE = YES;
				CLANG_WARN_UNGUARDED_AVAILABILITY = YES_AGGRESSIVE;
				CLANG_WARN_UNREACHABLE_CODE = YES;
				CLANG_WARN__DUPLICATE_METHOD_MATCH = YES;
				COPY_PHASE_STRIP = NO;
				DEBUG_INFORMATION_FORMAT = "dwarf-with-dsym";
				ENABLE_NS_ASSERTIONS = NO;
				ENABLE_STRICT_OBJC_MSGSEND = YES;
				GCC_C_LANGUAGE_STANDARD = gnu11;
				GCC_NO_COMMON_BLOCKS = YES;
				GCC_WARN_64_TO_32_BIT_CONVERSION = YES;
				GCC_WARN_ABOUT_RETURN_TYPE = YES_ERROR;
				GCC_WARN_UNDECLARED_SELECTOR = YES;
				GCC_WARN_UNINITIALIZED_AUTOS = YES_AGGRESSIVE;
				GCC_WARN_UNUSED_FUNCTION = YES;
				GCC_WARN_UNUSED_VARIABLE = YES;
				IPHONEOS_DEPLOYMENT_TARGET = 13.2;
				MTL_ENABLE_DEBUG_INFO = NO;
				MTL_FAST_MATH = YES;
				SDKROOT = iphoneos;
				SWIFT_COMPILATION_MODE = wholemodule;
				SWIFT_OPTIMIZATION_LEVEL = "-O";
				VALIDATE_PRODUCT = YES;
			};
			name = Release;
		};
		B55A93C523C544D800D66F77 /* Debug */ = {
			isa = XCBuildConfiguration;
			buildSettings = {
				ASSETCATALOG_COMPILER_APPICON_NAME = AppIcon;
				CODE_SIGN_STYLE = Automatic;
				DEVELOPMENT_ASSET_PATHS = "\"Locations/Preview Content\"";
				DEVELOPMENT_TEAM = WF7252235W;
				ENABLE_PREVIEWS = YES;
				INFOPLIST_FILE = Locations/Info.plist;
				LD_RUNPATH_SEARCH_PATHS = (
					"$(inherited)",
					"@executable_path/Frameworks",
				);
				PRODUCT_BUNDLE_IDENTIFIER = RUWALI.Locations;
				PRODUCT_NAME = "$(TARGET_NAME)";
				SWIFT_VERSION = 5.0;
				TARGETED_DEVICE_FAMILY = "1,2";
			};
			name = Debug;
		};
		B55A93C623C544D800D66F77 /* Release */ = {
			isa = XCBuildConfiguration;
			buildSettings = {
				ASSETCATALOG_COMPILER_APPICON_NAME = AppIcon;
				CODE_SIGN_STYLE = Automatic;
				DEVELOPMENT_ASSET_PATHS = "\"Locations/Preview Content\"";
				DEVELOPMENT_TEAM = WF7252235W;
				ENABLE_PREVIEWS = YES;
				INFOPLIST_FILE = Locations/Info.plist;
				LD_RUNPATH_SEARCH_PATHS = (
					"$(inherited)",
					"@executable_path/Frameworks",
				);
				PRODUCT_BUNDLE_IDENTIFIER = RUWALI.Locations;
				PRODUCT_NAME = "$(TARGET_NAME)";
				SWIFT_VERSION = 5.0;
				TARGETED_DEVICE_FAMILY = "1,2";
			};
			name = Release;
		};
/* End XCBuildConfiguration section */

/* Begin XCConfigurationList section */
		B55A93A823C544D600D66F77 /* Build configuration list for PBXProject "Locations" */ = {
			isa = XCConfigurationList;
			buildConfigurations = (
				B55A93C223C544D800D66F77 /* Debug */,
				B55A93C323C544D800D66F77 /* Release */,
			);
			defaultConfigurationIsVisible = 0;
			defaultConfigurationName = Release;
		};
		B55A93C423C544D800D66F77 /* Build configuration list for PBXNativeTarget "Locations" */ = {
			isa = XCConfigurationList;
			buildConfigurations = (
				B55A93C523C544D800D66F77 /* Debug */,
				B55A93C623C544D800D66F77 /* Release */,
			);
			defaultConfigurationIsVisible = 0;
			defaultConfigurationName = Release;
		};
/* End XCConfigurationList section */

/* Begin XCVersionGroup section */
		B55A93B423C544D600D66F77 /* Locations.xcdatamodeld */ = {
			isa = XCVersionGroup;
			children = (
				B55A93B523C544D600D66F77 /* Locations.xcdatamodel */,
			);
			currentVersion = B55A93B523C544D600D66F77 /* Locations.xcdatamodel */;
			path = Locations.xcdatamodeld;
			sourceTree = "<group>";
			versionGroupType = wrapper.xcdatamodel;
		};
/* End XCVersionGroup section */
	};
	rootObject = B55A93A523C544D600D66F77 /* Project object */;
}
